
Microsoft Visual Studio Solution File, Format Version 12.00
# Visual Studio Version 16
VisualStudioVersion = 16.0.29926.136
MinimumVisualStudioVersion = 10.0.40219.1
Project("{FAE04EC0-301F-11D3-BF4B-00C04F79EFBC}") = "Homework08", "Homework08\Homework08.csproj", "{724A6964-CCCB-4727-9C06-05D0110DC830}"
EndProject
Global
	GlobalSection(SolutionConfigurationPlatforms) = preSolution
		Debug|Any CPU = Debug|Any CPU
		Release|Any CPU = Release|Any CPU
	EndGlobalSection
	GlobalSection(ProjectConfigurationPlatforms) = postSolution
		{724A6964-CCCB-4727-9C06-05D0110DC830}.Debug|Any CPU.ActiveCfg = Debug|Any CPU
		{724A6964-CCCB-4727-9C06-05D0110DC830}.Debug|Any CPU.Build.0 = Debug|Any CPU
		{724A6964-CCCB-4727-9C06-05D0110DC830}.Release|Any CPU.ActiveCfg = Release|Any CPU
		{724A6964-CCCB-4727-9C06-05D0110DC830}.Release|Any CPU.Build.0 = Release|Any CPU
	EndGlobalSection
	GlobalSection(SolutionProperties) = preSolution
		HideSolutionNode = FALSE
	EndGlobalSection
	GlobalSection(ExtensibilityGlobals) = postSolution
		SolutionGuid = {C65C978F-F055-42EB-9119-C1A5CA4DC145}
	EndGlobalSection
EndGlobal
