
Microsoft Visual Studio Solution File, Format Version 12.00
# Visual Studio Version 16
VisualStudioVersion = 16.0.29926.136
MinimumVisualStudioVersion = 10.0.40219.1
Project("{FAE04EC0-301F-11D3-BF4B-00C04F79EFBC}") = "Classwork12", "Classwork12\Classwork12.csproj", "{012D6CC7-663C-4520-85EE-1338DEF3F6E5}"
EndProject
Project("{FAE04EC0-301F-11D3-BF4B-00C04F79EFBC}") = "01_Selfwork", "01_Selfwork\01_Selfwork.csproj", "{7B908C4E-A966-40DC-AAD2-05093B0DBE45}"
EndProject
Global
	GlobalSection(SolutionConfigurationPlatforms) = preSolution
		Debug|Any CPU = Debug|Any CPU
		Release|Any CPU = Release|Any CPU
	EndGlobalSection
	GlobalSection(ProjectConfigurationPlatforms) = postSolution
		{012D6CC7-663C-4520-85EE-1338DEF3F6E5}.Debug|Any CPU.ActiveCfg = Debug|Any CPU
		{012D6CC7-663C-4520-85EE-1338DEF3F6E5}.Debug|Any CPU.Build.0 = Debug|Any CPU
		{012D6CC7-663C-4520-85EE-1338DEF3F6E5}.Release|Any CPU.ActiveCfg = Release|Any CPU
		{012D6CC7-663C-4520-85EE-1338DEF3F6E5}.Release|Any CPU.Build.0 = Release|Any CPU
		{7B908C4E-A966-40DC-AAD2-05093B0DBE45}.Debug|Any CPU.ActiveCfg = Debug|Any CPU
		{7B908C4E-A966-40DC-AAD2-05093B0DBE45}.Debug|Any CPU.Build.0 = Debug|Any CPU
		{7B908C4E-A966-40DC-AAD2-05093B0DBE45}.Release|Any CPU.ActiveCfg = Release|Any CPU
		{7B908C4E-A966-40DC-AAD2-05093B0DBE45}.Release|Any CPU.Build.0 = Release|Any CPU
	EndGlobalSection
	GlobalSection(SolutionProperties) = preSolution
		HideSolutionNode = FALSE
	EndGlobalSection
	GlobalSection(ExtensibilityGlobals) = postSolution
		SolutionGuid = {D73E63E6-C8F3-4B0D-B817-DFA48E8A1B8E}
	EndGlobalSection
EndGlobal
