
Microsoft Visual Studio Solution File, Format Version 12.00
# Visual Studio Version 16
VisualStudioVersion = 16.0.29926.136
MinimumVisualStudioVersion = 10.0.40219.1
Project("{FAE04EC0-301F-11D3-BF4B-00C04F79EFBC}") = "Classwork17", "Classwork17\Classwork17.csproj", "{28008C80-7652-46CB-8FD5-EADE4C897646}"
EndProject
Project("{FAE04EC0-301F-11D3-BF4B-00C04F79EFBC}") = "Selfwork_01", "Selfwork_01\Selfwork_01.csproj", "{74C1A791-A17A-47F5-99A9-0C4A4F7BD0A3}"
EndProject
Global
	GlobalSection(SolutionConfigurationPlatforms) = preSolution
		Debug|Any CPU = Debug|Any CPU
		Release|Any CPU = Release|Any CPU
	EndGlobalSection
	GlobalSection(ProjectConfigurationPlatforms) = postSolution
		{28008C80-7652-46CB-8FD5-EADE4C897646}.Debug|Any CPU.ActiveCfg = Debug|Any CPU
		{28008C80-7652-46CB-8FD5-EADE4C897646}.Debug|Any CPU.Build.0 = Debug|Any CPU
		{28008C80-7652-46CB-8FD5-EADE4C897646}.Release|Any CPU.ActiveCfg = Release|Any CPU
		{28008C80-7652-46CB-8FD5-EADE4C897646}.Release|Any CPU.Build.0 = Release|Any CPU
		{74C1A791-A17A-47F5-99A9-0C4A4F7BD0A3}.Debug|Any CPU.ActiveCfg = Debug|Any CPU
		{74C1A791-A17A-47F5-99A9-0C4A4F7BD0A3}.Debug|Any CPU.Build.0 = Debug|Any CPU
		{74C1A791-A17A-47F5-99A9-0C4A4F7BD0A3}.Release|Any CPU.ActiveCfg = Release|Any CPU
		{74C1A791-A17A-47F5-99A9-0C4A4F7BD0A3}.Release|Any CPU.Build.0 = Release|Any CPU
	EndGlobalSection
	GlobalSection(SolutionProperties) = preSolution
		HideSolutionNode = FALSE
	EndGlobalSection
	GlobalSection(ExtensibilityGlobals) = postSolution
		SolutionGuid = {ABA9BEE3-C1BA-4C99-A697-1F512968429B}
	EndGlobalSection
EndGlobal
