
Microsoft Visual Studio Solution File, Format Version 12.00
# Visual Studio Version 16
VisualStudioVersion = 16.0.31402.337
MinimumVisualStudioVersion = 10.0.40219.1
Project("{FAE04EC0-301F-11D3-BF4B-00C04F79EFBC}") = "Homework11", "Homework11\Homework11.csproj", "{15361AAD-0761-43E7-82C2-85088E99951B}"
EndProject
Global
	GlobalSection(SolutionConfigurationPlatforms) = preSolution
		Debug|Any CPU = Debug|Any CPU
		Release|Any CPU = Release|Any CPU
	EndGlobalSection
	GlobalSection(ProjectConfigurationPlatforms) = postSolution
		{15361AAD-0761-43E7-82C2-85088E99951B}.Debug|Any CPU.ActiveCfg = Debug|Any CPU
		{15361AAD-0761-43E7-82C2-85088E99951B}.Debug|Any CPU.Build.0 = Debug|Any CPU
		{15361AAD-0761-43E7-82C2-85088E99951B}.Release|Any CPU.ActiveCfg = Release|Any CPU
		{15361AAD-0761-43E7-82C2-85088E99951B}.Release|Any CPU.Build.0 = Release|Any CPU
	EndGlobalSection
	GlobalSection(SolutionProperties) = preSolution
		HideSolutionNode = FALSE
	EndGlobalSection
	GlobalSection(ExtensibilityGlobals) = postSolution
		SolutionGuid = {E4A3DA2E-2E9C-43C8-9853-19475A874AE0}
	EndGlobalSection
EndGlobal
