
Microsoft Visual Studio Solution File, Format Version 12.00
# Visual Studio Version 16
VisualStudioVersion = 16.0.31005.135
MinimumVisualStudioVersion = 10.0.40219.1
Project("{FAE04EC0-301F-11D3-BF4B-00C04F79EFBC}") = "Classwork10", "Classwork10\Classwork10.csproj", "{FCE69C68-B58C-494F-9C92-BC6772E3CF7B}"
EndProject
Project("{FAE04EC0-301F-11D3-BF4B-00C04F79EFBC}") = "01_Selfwork", "01_Selfwork\01_Selfwork.csproj", "{903BBFC7-7F00-4EC3-82E9-C936CE523B46}"
EndProject
Project("{FAE04EC0-301F-11D3-BF4B-00C04F79EFBC}") = "SomeFiles", "SomeFiles\SomeFiles.csproj", "{376AC49A-4FB8-4DF8-A271-9485CD4B8E16}"
EndProject
Global
	GlobalSection(SolutionConfigurationPlatforms) = preSolution
		Debug|Any CPU = Debug|Any CPU
		Release|Any CPU = Release|Any CPU
	EndGlobalSection
	GlobalSection(ProjectConfigurationPlatforms) = postSolution
		{FCE69C68-B58C-494F-9C92-BC6772E3CF7B}.Debug|Any CPU.ActiveCfg = Debug|Any CPU
		{FCE69C68-B58C-494F-9C92-BC6772E3CF7B}.Debug|Any CPU.Build.0 = Debug|Any CPU
		{FCE69C68-B58C-494F-9C92-BC6772E3CF7B}.Release|Any CPU.ActiveCfg = Release|Any CPU
		{FCE69C68-B58C-494F-9C92-BC6772E3CF7B}.Release|Any CPU.Build.0 = Release|Any CPU
		{903BBFC7-7F00-4EC3-82E9-C936CE523B46}.Debug|Any CPU.ActiveCfg = Debug|Any CPU
		{903BBFC7-7F00-4EC3-82E9-C936CE523B46}.Debug|Any CPU.Build.0 = Debug|Any CPU
		{903BBFC7-7F00-4EC3-82E9-C936CE523B46}.Release|Any CPU.ActiveCfg = Release|Any CPU
		{903BBFC7-7F00-4EC3-82E9-C936CE523B46}.Release|Any CPU.Build.0 = Release|Any CPU
		{376AC49A-4FB8-4DF8-A271-9485CD4B8E16}.Debug|Any CPU.ActiveCfg = Debug|Any CPU
		{376AC49A-4FB8-4DF8-A271-9485CD4B8E16}.Debug|Any CPU.Build.0 = Debug|Any CPU
		{376AC49A-4FB8-4DF8-A271-9485CD4B8E16}.Release|Any CPU.ActiveCfg = Release|Any CPU
		{376AC49A-4FB8-4DF8-A271-9485CD4B8E16}.Release|Any CPU.Build.0 = Release|Any CPU
	EndGlobalSection
	GlobalSection(SolutionProperties) = preSolution
		HideSolutionNode = FALSE
	EndGlobalSection
	GlobalSection(ExtensibilityGlobals) = postSolution
		SolutionGuid = {037A9E15-D757-4F96-A863-EF41A35CD83D}
	EndGlobalSection
EndGlobal
