
Microsoft Visual Studio Solution File, Format Version 12.00
# Visual Studio Version 16
VisualStudioVersion = 16.0.31402.337
MinimumVisualStudioVersion = 10.0.40219.1
Project("{9A19103F-16F7-4668-BE54-9A1E7A4F7556}") = "Reminder.Storage.Core", "Reminder.Storage.Core\Reminder.Storage.Core.csproj", "{FEFE239B-B1EE-4E25-A46B-9A967EF3F400}"
EndProject
Project("{9A19103F-16F7-4668-BE54-9A1E7A4F7556}") = "Reminder.Storage.InMemory", "Reminder.Storage.InMemory\Reminder.Storage.InMemory.csproj", "{4A0CAEDC-DD8B-468C-98D1-9D3E888B37A3}"
EndProject
Project("{9A19103F-16F7-4668-BE54-9A1E7A4F7556}") = "Reminder.Storage.Core.Tests", "Reminder.Storage.Core.Tests\Reminder.Storage.Core.Tests.csproj", "{C95B89A9-CB49-4578-BC5E-29FAFDE248D9}"
EndProject
Project("{9A19103F-16F7-4668-BE54-9A1E7A4F7556}") = "Reminder.Storage.InMemory.Tests", "Reminder.Storage.InMemory.Tests\Reminder.Storage.InMemory.Tests.csproj", "{8D2F4602-CC29-438D-AA86-579B4FA23656}"
EndProject
Project("{9A19103F-16F7-4668-BE54-9A1E7A4F7556}") = "Reminder.Domain", "Reminder.Domain\Reminder.Domain.csproj", "{D70A05F1-44FC-4478-B25C-CF6D31E2BED9}"
EndProject
Project("{9A19103F-16F7-4668-BE54-9A1E7A4F7556}") = "Reminder.Sender.Core", "Reminder.Sender.Core\Reminder.Sender.Core.csproj", "{CF126C03-1F48-48A7-A536-63CB4EA09CB4}"
EndProject
Project("{9A19103F-16F7-4668-BE54-9A1E7A4F7556}") = "Reminder.Domain.Tests", "Reminder.Domain.Tests\Reminder.Domain.Tests.csproj", "{3062700C-4A3C-4E24-B6B8-12265DEA321E}"
EndProject
Project("{9A19103F-16F7-4668-BE54-9A1E7A4F7556}") = "Reminder.App", "Reminder.App\Reminder.App.csproj", "{949D24F0-84E2-4FAD-B717-CFA6A98330F0}"
EndProject
Project("{9A19103F-16F7-4668-BE54-9A1E7A4F7556}") = "Reminder.Reciever.Core", "Reminder.Reciever.Core\Reminder.Reciever.Core.csproj", "{48486F4E-96EB-490E-B71B-9F77106360A3}"
EndProject
Project("{9A19103F-16F7-4668-BE54-9A1E7A4F7556}") = "Reminder.Sender.Telegram", "Reminder.Sender.Telegram\Reminder.Sender.Telegram.csproj", "{FC47A226-52FE-4786-AEBF-08FE058F0239}"
EndProject
Project("{9A19103F-16F7-4668-BE54-9A1E7A4F7556}") = "Reminder.Reciever.Telegram", "Reminder.Reciever.Telegram\Reminder.Reciever.Telegram.csproj", "{8187B009-BD84-463A-9AAA-349E40CE3823}"
EndProject
Project("{FAE04EC0-301F-11D3-BF4B-00C04F79EFBC}") = "Reminder.Parsing", "Reminder.Parsing\Reminder.Parsing.csproj", "{2C5EB6F2-830A-4F31-9D78-5F73EC33A1C5}"
EndProject
Global
	GlobalSection(SolutionConfigurationPlatforms) = preSolution
		Debug|Any CPU = Debug|Any CPU
		Release|Any CPU = Release|Any CPU
	EndGlobalSection
	GlobalSection(ProjectConfigurationPlatforms) = postSolution
		{FEFE239B-B1EE-4E25-A46B-9A967EF3F400}.Debug|Any CPU.ActiveCfg = Debug|Any CPU
		{FEFE239B-B1EE-4E25-A46B-9A967EF3F400}.Debug|Any CPU.Build.0 = Debug|Any CPU
		{FEFE239B-B1EE-4E25-A46B-9A967EF3F400}.Release|Any CPU.ActiveCfg = Release|Any CPU
		{FEFE239B-B1EE-4E25-A46B-9A967EF3F400}.Release|Any CPU.Build.0 = Release|Any CPU
		{4A0CAEDC-DD8B-468C-98D1-9D3E888B37A3}.Debug|Any CPU.ActiveCfg = Debug|Any CPU
		{4A0CAEDC-DD8B-468C-98D1-9D3E888B37A3}.Debug|Any CPU.Build.0 = Debug|Any CPU
		{4A0CAEDC-DD8B-468C-98D1-9D3E888B37A3}.Release|Any CPU.ActiveCfg = Release|Any CPU
		{4A0CAEDC-DD8B-468C-98D1-9D3E888B37A3}.Release|Any CPU.Build.0 = Release|Any CPU
		{C95B89A9-CB49-4578-BC5E-29FAFDE248D9}.Debug|Any CPU.ActiveCfg = Debug|Any CPU
		{C95B89A9-CB49-4578-BC5E-29FAFDE248D9}.Debug|Any CPU.Build.0 = Debug|Any CPU
		{C95B89A9-CB49-4578-BC5E-29FAFDE248D9}.Release|Any CPU.ActiveCfg = Release|Any CPU
		{C95B89A9-CB49-4578-BC5E-29FAFDE248D9}.Release|Any CPU.Build.0 = Release|Any CPU
		{8D2F4602-CC29-438D-AA86-579B4FA23656}.Debug|Any CPU.ActiveCfg = Debug|Any CPU
		{8D2F4602-CC29-438D-AA86-579B4FA23656}.Debug|Any CPU.Build.0 = Debug|Any CPU
		{8D2F4602-CC29-438D-AA86-579B4FA23656}.Release|Any CPU.ActiveCfg = Release|Any CPU
		{8D2F4602-CC29-438D-AA86-579B4FA23656}.Release|Any CPU.Build.0 = Release|Any CPU
		{D70A05F1-44FC-4478-B25C-CF6D31E2BED9}.Debug|Any CPU.ActiveCfg = Debug|Any CPU
		{D70A05F1-44FC-4478-B25C-CF6D31E2BED9}.Debug|Any CPU.Build.0 = Debug|Any CPU
		{D70A05F1-44FC-4478-B25C-CF6D31E2BED9}.Release|Any CPU.ActiveCfg = Release|Any CPU
		{D70A05F1-44FC-4478-B25C-CF6D31E2BED9}.Release|Any CPU.Build.0 = Release|Any CPU
		{CF126C03-1F48-48A7-A536-63CB4EA09CB4}.Debug|Any CPU.ActiveCfg = Debug|Any CPU
		{CF126C03-1F48-48A7-A536-63CB4EA09CB4}.Debug|Any CPU.Build.0 = Debug|Any CPU
		{CF126C03-1F48-48A7-A536-63CB4EA09CB4}.Release|Any CPU.ActiveCfg = Release|Any CPU
		{CF126C03-1F48-48A7-A536-63CB4EA09CB4}.Release|Any CPU.Build.0 = Release|Any CPU
		{3062700C-4A3C-4E24-B6B8-12265DEA321E}.Debug|Any CPU.ActiveCfg = Debug|Any CPU
		{3062700C-4A3C-4E24-B6B8-12265DEA321E}.Debug|Any CPU.Build.0 = Debug|Any CPU
		{3062700C-4A3C-4E24-B6B8-12265DEA321E}.Release|Any CPU.ActiveCfg = Release|Any CPU
		{3062700C-4A3C-4E24-B6B8-12265DEA321E}.Release|Any CPU.Build.0 = Release|Any CPU
		{949D24F0-84E2-4FAD-B717-CFA6A98330F0}.Debug|Any CPU.ActiveCfg = Debug|Any CPU
		{949D24F0-84E2-4FAD-B717-CFA6A98330F0}.Debug|Any CPU.Build.0 = Debug|Any CPU
		{949D24F0-84E2-4FAD-B717-CFA6A98330F0}.Release|Any CPU.ActiveCfg = Release|Any CPU
		{949D24F0-84E2-4FAD-B717-CFA6A98330F0}.Release|Any CPU.Build.0 = Release|Any CPU
		{48486F4E-96EB-490E-B71B-9F77106360A3}.Debug|Any CPU.ActiveCfg = Debug|Any CPU
		{48486F4E-96EB-490E-B71B-9F77106360A3}.Debug|Any CPU.Build.0 = Debug|Any CPU
		{48486F4E-96EB-490E-B71B-9F77106360A3}.Release|Any CPU.ActiveCfg = Release|Any CPU
		{48486F4E-96EB-490E-B71B-9F77106360A3}.Release|Any CPU.Build.0 = Release|Any CPU
		{FC47A226-52FE-4786-AEBF-08FE058F0239}.Debug|Any CPU.ActiveCfg = Debug|Any CPU
		{FC47A226-52FE-4786-AEBF-08FE058F0239}.Debug|Any CPU.Build.0 = Debug|Any CPU
		{FC47A226-52FE-4786-AEBF-08FE058F0239}.Release|Any CPU.ActiveCfg = Release|Any CPU
		{FC47A226-52FE-4786-AEBF-08FE058F0239}.Release|Any CPU.Build.0 = Release|Any CPU
		{8187B009-BD84-463A-9AAA-349E40CE3823}.Debug|Any CPU.ActiveCfg = Debug|Any CPU
		{8187B009-BD84-463A-9AAA-349E40CE3823}.Debug|Any CPU.Build.0 = Debug|Any CPU
		{8187B009-BD84-463A-9AAA-349E40CE3823}.Release|Any CPU.ActiveCfg = Release|Any CPU
		{8187B009-BD84-463A-9AAA-349E40CE3823}.Release|Any CPU.Build.0 = Release|Any CPU
		{2C5EB6F2-830A-4F31-9D78-5F73EC33A1C5}.Debug|Any CPU.ActiveCfg = Debug|Any CPU
		{2C5EB6F2-830A-4F31-9D78-5F73EC33A1C5}.Debug|Any CPU.Build.0 = Debug|Any CPU
		{2C5EB6F2-830A-4F31-9D78-5F73EC33A1C5}.Release|Any CPU.ActiveCfg = Release|Any CPU
		{2C5EB6F2-830A-4F31-9D78-5F73EC33A1C5}.Release|Any CPU.Build.0 = Release|Any CPU
	EndGlobalSection
	GlobalSection(SolutionProperties) = preSolution
		HideSolutionNode = FALSE
	EndGlobalSection
	GlobalSection(ExtensibilityGlobals) = postSolution
		SolutionGuid = {42C394CF-11DA-40B4-8EFF-C3D8D061DF2D}
	EndGlobalSection
EndGlobal
